// !$*UTF8*$!
{
	archiveVersion = 1;
	classes = {
	};
	objectVersion = 50;
	objects = {

/* Begin PBXBuildFile section */
		DD602D8A2409C38600F0BFE9 /* PokemonDetailViewController.swift in Sources */ = {isa = PBXBuildFile; fileRef = DD602D892409C38600F0BFE9 /* PokemonDetailViewController.swift */; };
		DDA03CE924097B25004CB01C /* AppDelegate.m in Sources */ = {isa = PBXBuildFile; fileRef = DDA03CE824097B25004CB01C /* AppDelegate.m */; };
		DDA03CEC24097B25004CB01C /* SceneDelegate.m in Sources */ = {isa = PBXBuildFile; fileRef = DDA03CEB24097B25004CB01C /* SceneDelegate.m */; };
		DDA03CF224097B25004CB01C /* Main.storyboard in Resources */ = {isa = PBXBuildFile; fileRef = DDA03CF024097B25004CB01C /* Main.storyboard */; };
		DDA03CF424097B25004CB01C /* Assets.xcassets in Resources */ = {isa = PBXBuildFile; fileRef = DDA03CF324097B25004CB01C /* Assets.xcassets */; };
		DDA03CF724097B25004CB01C /* LaunchScreen.storyboard in Resources */ = {isa = PBXBuildFile; fileRef = DDA03CF524097B25004CB01C /* LaunchScreen.storyboard */; };
		DDA03CFA24097B25004CB01C /* main.m in Sources */ = {isa = PBXBuildFile; fileRef = DDA03CF924097B25004CB01C /* main.m */; };
		DDA03D0824097DE3004CB01C /* PokemonsCollectionViewController.m in Sources */ = {isa = PBXBuildFile; fileRef = DDA03D0724097DE3004CB01C /* PokemonsCollectionViewController.m */; };
		DDA03D0F24097E9D004CB01C /* BFVPokemon.m in Sources */ = {isa = PBXBuildFile; fileRef = DDA03D0E24097E9D004CB01C /* BFVPokemon.m */; };
		DDA03D1324099034004CB01C /* PokemonController.swift in Sources */ = {isa = PBXBuildFile; fileRef = DDA03D1224099034004CB01C /* PokemonController.swift */; };
		DDA03D162409A0EE004CB01C /* PokemonCollectionViewCell.m in Sources */ = {isa = PBXBuildFile; fileRef = DDA03D152409A0EE004CB01C /* PokemonCollectionViewCell.m */; };
/* End PBXBuildFile section */

/* Begin PBXFileReference section */
		DD602D892409C38600F0BFE9 /* PokemonDetailViewController.swift */ = {isa = PBXFileReference; lastKnownFileType = sourcecode.swift; path = PokemonDetailViewController.swift; sourceTree = "<group>"; };
		DDA03CE424097B25004CB01C /* Pokedex.app */ = {isa = PBXFileReference; explicitFileType = wrapper.application; includeInIndex = 0; path = Pokedex.app; sourceTree = BUILT_PRODUCTS_DIR; };
		DDA03CE724097B25004CB01C /* AppDelegate.h */ = {isa = PBXFileReference; lastKnownFileType = sourcecode.c.h; path = AppDelegate.h; sourceTree = "<group>"; };
		DDA03CE824097B25004CB01C /* AppDelegate.m */ = {isa = PBXFileReference; lastKnownFileType = sourcecode.c.objc; path = AppDelegate.m; sourceTree = "<group>"; };
		DDA03CEA24097B25004CB01C /* SceneDelegate.h */ = {isa = PBXFileReference; lastKnownFileType = sourcecode.c.h; path = SceneDelegate.h; sourceTree = "<group>"; };
		DDA03CEB24097B25004CB01C /* SceneDelegate.m */ = {isa = PBXFileReference; lastKnownFileType = sourcecode.c.objc; path = SceneDelegate.m; sourceTree = "<group>"; };
		DDA03CF124097B25004CB01C /* Base */ = {isa = PBXFileReference; lastKnownFileType = file.storyboard; name = Base; path = Base.lproj/Main.storyboard; sourceTree = "<group>"; };
		DDA03CF324097B25004CB01C /* Assets.xcassets */ = {isa = PBXFileReference; lastKnownFileType = folder.assetcatalog; path = Assets.xcassets; sourceTree = "<group>"; };
		DDA03CF624097B25004CB01C /* Base */ = {isa = PBXFileReference; lastKnownFileType = file.storyboard; name = Base; path = Base.lproj/LaunchScreen.storyboard; sourceTree = "<group>"; };
		DDA03CF824097B25004CB01C /* Info.plist */ = {isa = PBXFileReference; lastKnownFileType = text.plist.xml; path = Info.plist; sourceTree = "<group>"; };
		DDA03CF924097B25004CB01C /* main.m */ = {isa = PBXFileReference; lastKnownFileType = sourcecode.c.objc; path = main.m; sourceTree = "<group>"; };
		DDA03D0624097DE3004CB01C /* PokemonsCollectionViewController.h */ = {isa = PBXFileReference; lastKnownFileType = sourcecode.c.h; path = PokemonsCollectionViewController.h; sourceTree = "<group>"; };
		DDA03D0724097DE3004CB01C /* PokemonsCollectionViewController.m */ = {isa = PBXFileReference; lastKnownFileType = sourcecode.c.objc; path = PokemonsCollectionViewController.m; sourceTree = "<group>"; };
		DDA03D0D24097E9D004CB01C /* BFVPokemon.h */ = {isa = PBXFileReference; lastKnownFileType = sourcecode.c.h; path = BFVPokemon.h; sourceTree = "<group>"; };
		DDA03D0E24097E9D004CB01C /* BFVPokemon.m */ = {isa = PBXFileReference; lastKnownFileType = sourcecode.c.objc; path = BFVPokemon.m; sourceTree = "<group>"; };
		DDA03D1124099034004CB01C /* Pokedex-Bridging-Header.h */ = {isa = PBXFileReference; lastKnownFileType = sourcecode.c.h; path = "Pokedex-Bridging-Header.h"; sourceTree = "<group>"; };
		DDA03D1224099034004CB01C /* PokemonController.swift */ = {isa = PBXFileReference; lastKnownFileType = sourcecode.swift; path = PokemonController.swift; sourceTree = "<group>"; };
		DDA03D142409A0EE004CB01C /* PokemonCollectionViewCell.h */ = {isa = PBXFileReference; lastKnownFileType = sourcecode.c.h; path = PokemonCollectionViewCell.h; sourceTree = "<group>"; };
		DDA03D152409A0EE004CB01C /* PokemonCollectionViewCell.m */ = {isa = PBXFileReference; lastKnownFileType = sourcecode.c.objc; path = PokemonCollectionViewCell.m; sourceTree = "<group>"; };
/* End PBXFileReference section */

/* Begin PBXFrameworksBuildPhase section */
		DDA03CE124097B25004CB01C /* Frameworks */ = {
			isa = PBXFrameworksBuildPhase;
			buildActionMask = 2147483647;
			files = (
			);
			runOnlyForDeploymentPostprocessing = 0;
		};
/* End PBXFrameworksBuildPhase section */

/* Begin PBXGroup section */
		DDA03CDB24097B25004CB01C = {
			isa = PBXGroup;
			children = (
				DDA03CE624097B25004CB01C /* Pokedex */,
				DDA03CE524097B25004CB01C /* Products */,
			);
			sourceTree = "<group>";
		};
		DDA03CE524097B25004CB01C /* Products */ = {
			isa = PBXGroup;
			children = (
				DDA03CE424097B25004CB01C /* Pokedex.app */,
			);
			name = Products;
			sourceTree = "<group>";
		};
		DDA03CE624097B25004CB01C /* Pokedex */ = {
			isa = PBXGroup;
			children = (
				DDA03D1024099011004CB01C /* Model Controller */,
				DDA03D0C24097E82004CB01C /* Model */,
				DDA03D0224097D88004CB01C /* View Controllers */,
				DDA03D0124097D5F004CB01C /* Resources */,
				DDA03D0024097B45004CB01C /* Storyboards */,
				DDA03CF324097B25004CB01C /* Assets.xcassets */,
				DDA03CF824097B25004CB01C /* Info.plist */,
				DDA03CF924097B25004CB01C /* main.m */,
			);
			path = Pokedex;
			sourceTree = "<group>";
		};
		DDA03D0024097B45004CB01C /* Storyboards */ = {
			isa = PBXGroup;
			children = (
				DDA03CF024097B25004CB01C /* Main.storyboard */,
				DDA03CF524097B25004CB01C /* LaunchScreen.storyboard */,
			);
			path = Storyboards;
			sourceTree = "<group>";
		};
		DDA03D0124097D5F004CB01C /* Resources */ = {
			isa = PBXGroup;
			children = (
				DDA03CE724097B25004CB01C /* AppDelegate.h */,
				DDA03CE824097B25004CB01C /* AppDelegate.m */,
				DDA03CEA24097B25004CB01C /* SceneDelegate.h */,
				DDA03CEB24097B25004CB01C /* SceneDelegate.m */,
			);
			path = Resources;
			sourceTree = "<group>";
		};
		DDA03D0224097D88004CB01C /* View Controllers */ = {
			isa = PBXGroup;
			children = (
				DDA03D0624097DE3004CB01C /* PokemonsCollectionViewController.h */,
				DDA03D0724097DE3004CB01C /* PokemonsCollectionViewController.m */,
				DDA03D142409A0EE004CB01C /* PokemonCollectionViewCell.h */,
				DDA03D152409A0EE004CB01C /* PokemonCollectionViewCell.m */,
				DD602D892409C38600F0BFE9 /* PokemonDetailViewController.swift */,
			);
			path = "View Controllers";
			sourceTree = "<group>";
		};
		DDA03D0C24097E82004CB01C /* Model */ = {
			isa = PBXGroup;
			children = (
				DDA03D0D24097E9D004CB01C /* BFVPokemon.h */,
				DDA03D0E24097E9D004CB01C /* BFVPokemon.m */,
			);
			path = Model;
			sourceTree = "<group>";
		};
		DDA03D1024099011004CB01C /* Model Controller */ = {
			isa = PBXGroup;
			children = (
				DDA03D1224099034004CB01C /* PokemonController.swift */,
				DDA03D1124099034004CB01C /* Pokedex-Bridging-Header.h */,
			);
			path = "Model Controller";
			sourceTree = "<group>";
		};
/* End PBXGroup section */

/* Begin PBXNativeTarget section */
		DDA03CE324097B25004CB01C /* Pokedex */ = {
			isa = PBXNativeTarget;
			buildConfigurationList = DDA03CFD24097B25004CB01C /* Build configuration list for PBXNativeTarget "Pokedex" */;
			buildPhases = (
				DDA03CE024097B25004CB01C /* Sources */,
				DDA03CE124097B25004CB01C /* Frameworks */,
				DDA03CE224097B25004CB01C /* Resources */,
			);
			buildRules = (
			);
			dependencies = (
			);
			name = Pokedex;
			productName = Pokedex;
			productReference = DDA03CE424097B25004CB01C /* Pokedex.app */;
			productType = "com.apple.product-type.application";
		};
/* End PBXNativeTarget section */

/* Begin PBXProject section */
		DDA03CDC24097B25004CB01C /* Project object */ = {
			isa = PBXProject;
			attributes = {
				LastUpgradeCheck = 1130;
				ORGANIZATIONNAME = "brian vilchez";
				TargetAttributes = {
					DDA03CE324097B25004CB01C = {
						CreatedOnToolsVersion = 11.3.1;
						LastSwiftMigration = 1130;
					};
				};
			};
			buildConfigurationList = DDA03CDF24097B25004CB01C /* Build configuration list for PBXProject "Pokedex" */;
			compatibilityVersion = "Xcode 9.3";
			developmentRegion = en;
			hasScannedForEncodings = 0;
			knownRegions = (
				en,
				Base,
			);
			mainGroup = DDA03CDB24097B25004CB01C;
			productRefGroup = DDA03CE524097B25004CB01C /* Products */;
			projectDirPath = "";
			projectRoot = "";
			targets = (
				DDA03CE324097B25004CB01C /* Pokedex */,
			);
		};
/* End PBXProject section */

/* Begin PBXResourcesBuildPhase section */
		DDA03CE224097B25004CB01C /* Resources */ = {
			isa = PBXResourcesBuildPhase;
			buildActionMask = 2147483647;
			files = (
				DDA03CF724097B25004CB01C /* LaunchScreen.storyboard in Resources */,
				DDA03CF424097B25004CB01C /* Assets.xcassets in Resources */,
				DDA03CF224097B25004CB01C /* Main.storyboard in Resources */,
			);
			runOnlyForDeploymentPostprocessing = 0;
		};
/* End PBXResourcesBuildPhase section */

/* Begin PBXSourcesBuildPhase section */
		DDA03CE024097B25004CB01C /* Sources */ = {
			isa = PBXSourcesBuildPhase;
			buildActionMask = 2147483647;
			files = (
				DDA03D0824097DE3004CB01C /* PokemonsCollectionViewController.m in Sources */,
				DDA03D1324099034004CB01C /* PokemonController.swift in Sources */,
				DDA03CE924097B25004CB01C /* AppDelegate.m in Sources */,
				DDA03D0F24097E9D004CB01C /* BFVPokemon.m in Sources */,
				DDA03CFA24097B25004CB01C /* main.m in Sources */,
				DD602D8A2409C38600F0BFE9 /* PokemonDetailViewController.swift in Sources */,
				DDA03D162409A0EE004CB01C /* PokemonCollectionViewCell.m in Sources */,
				DDA03CEC24097B25004CB01C /* SceneDelegate.m in Sources */,
			);
			runOnlyForDeploymentPostprocessing = 0;
		};
/* End PBXSourcesBuildPhase section */

/* Begin PBXVariantGroup section */
		DDA03CF024097B25004CB01C /* Main.storyboard */ = {
			isa = PBXVariantGroup;
			children = (
				DDA03CF124097B25004CB01C /* Base */,
			);
			name = Main.storyboard;
			sourceTree = "<group>";
		};
		DDA03CF524097B25004CB01C /* LaunchScreen.storyboard */ = {
			isa = PBXVariantGroup;
			children = (
				DDA03CF624097B25004CB01C /* Base */,
			);
			name = LaunchScreen.storyboard;
			sourceTree = "<group>";
		};
/* End PBXVariantGroup section */

/* Begin XCBuildConfiguration section */
		DDA03CFB24097B25004CB01C /* Debug */ = {
			isa = XCBuildConfiguration;
			buildSettings = {
				ALWAYS_SEARCH_USER_PATHS = NO;
				CLANG_ANALYZER_NONNULL = YES;
				CLANG_ANALYZER_NUMBER_OBJECT_CONVERSION = YES_AGGRESSIVE;
				CLANG_CXX_LANGUAGE_STANDARD = "gnu++14";
				CLANG_CXX_LIBRARY = "libc++";
				CLANG_ENABLE_MODULES = YES;
				CLANG_ENABLE_OBJC_ARC = YES;
				CLANG_ENABLE_OBJC_WEAK = YES;
				CLANG_WARN_BLOCK_CAPTURE_AUTORELEASING = YES;
				CLANG_WARN_BOOL_CONVERSION = YES;
				CLANG_WARN_COMMA = YES;
				CLANG_WARN_CONSTANT_CONVERSION = YES;
				CLANG_WARN_DEPRECATED_OBJC_IMPLEMENTATIONS = YES;
				CLANG_WARN_DIRECT_OBJC_ISA_USAGE = YES_ERROR;
				CLANG_WARN_DOCUMENTATION_COMMENTS = YES;
				CLANG_WARN_EMPTY_BODY = YES;
				CLANG_WARN_ENUM_CONVERSION = YES;
				CLANG_WARN_INFINITE_RECURSION = YES;
				CLANG_WARN_INT_CONVERSION = YES;
				CLANG_WARN_NON_LITERAL_NULL_CONVERSION = YES;
				CLANG_WARN_OBJC_IMPLICIT_RETAIN_SELF = YES;
				CLANG_WARN_OBJC_LITERAL_CONVERSION = YES;
				CLANG_WARN_OBJC_ROOT_CLASS = YES_ERROR;
				CLANG_WARN_RANGE_LOOP_ANALYSIS = YES;
				CLANG_WARN_STRICT_PROTOTYPES = YES;
				CLANG_WARN_SUSPICIOUS_MOVE = YES;
				CLANG_WARN_UNGUARDED_AVAILABILITY = YES_AGGRESSIVE;
				CLANG_WARN_UNREACHABLE_CODE = YES;
				CLANG_WARN__DUPLICATE_METHOD_MATCH = YES;
				COPY_PHASE_STRIP = NO;
				DEBUG_INFORMATION_FORMAT = dwarf;
				ENABLE_STRICT_OBJC_MSGSEND = YES;
				ENABLE_TESTABILITY = YES;
				GCC_C_LANGUAGE_STANDARD = gnu11;
				GCC_DYNAMIC_NO_PIC = NO;
				GCC_NO_COMMON_BLOCKS = YES;
				GCC_OPTIMIZATION_LEVEL = 0;
				GCC_PREPROCESSOR_DEFINITIONS = (
					"DEBUG=1",
					"$(inherited)",
				);
				GCC_WARN_64_TO_32_BIT_CONVERSION = YES;
				GCC_WARN_ABOUT_RETURN_TYPE = YES_ERROR;
				GCC_WARN_UNDECLARED_SELECTOR = YES;
				GCC_WARN_UNINITIALIZED_AUTOS = YES_AGGRESSIVE;
				GCC_WARN_UNUSED_FUNCTION = YES;
				GCC_WARN_UNUSED_VARIABLE = YES;
				IPHONEOS_DEPLOYMENT_TARGET = 13.2;
				MTL_ENABLE_DEBUG_INFO = INCLUDE_SOURCE;
				MTL_FAST_MATH = YES;
				ONLY_ACTIVE_ARCH = YES;
				SDKROOT = iphoneos;
			};
			name = Debug;
		};
		DDA03CFC24097B25004CB01C /* Release */ = {
			isa = XCBuildConfiguration;
			buildSettings = {
				ALWAYS_SEARCH_USER_PATHS = NO;
				CLANG_ANALYZER_NONNULL = YES;
				CLANG_ANALYZER_NUMBER_OBJECT_CONVERSION = YES_AGGRESSIVE;
				CLANG_CXX_LANGUAGE_STANDARD = "gnu++14";
				CLANG_CXX_LIBRARY = "libc++";
				CLANG_ENABLE_MODULES = YES;
				CLANG_ENABLE_OBJC_ARC = YES;
				CLANG_ENABLE_OBJC_WEAK = YES;
				CLANG_WARN_BLOCK_CAPTURE_AUTORELEASING = YES;
				CLANG_WARN_BOOL_CONVERSION = YES;
				CLANG_WARN_COMMA = YES;
				CLANG_WARN_CONSTANT_CONVERSION = YES;
				CLANG_WARN_DEPRECATED_OBJC_IMPLEMENTATIONS = YES;
				CLANG_WARN_DIRECT_OBJC_ISA_USAGE = YES_ERROR;
				CLANG_WARN_DOCUMENTATION_COMMENTS = YES;
				CLANG_WARN_EMPTY_BODY = YES;
				CLANG_WARN_ENUM_CONVERSION = YES;
				CLANG_WARN_INFINITE_RECURSION = YES;
				CLANG_WARN_INT_CONVERSION = YES;
				CLANG_WARN_NON_LITERAL_NULL_CONVERSION = YES;
				CLANG_WARN_OBJC_IMPLICIT_RETAIN_SELF = YES;
				CLANG_WARN_OBJC_LITERAL_CONVERSION = YES;
				CLANG_WARN_OBJC_ROOT_CLASS = YES_ERROR;
				CLANG_WARN_RANGE_LOOP_ANALYSIS = YES;
				CLANG_WARN_STRICT_PROTOTYPES = YES;
				CLANG_WARN_SUSPICIOUS_MOVE = YES;
				CLANG_WARN_UNGUARDED_AVAILABILITY = YES_AGGRESSIVE;
				CLANG_WARN_UNREACHABLE_CODE = YES;
				CLANG_WARN__DUPLICATE_METHOD_MATCH = YES;
				COPY_PHASE_STRIP = NO;
				DEBUG_INFORMATION_FORMAT = "dwarf-with-dsym";
				ENABLE_NS_ASSERTIONS = NO;
				ENABLE_STRICT_OBJC_MSGSEND = YES;
				GCC_C_LANGUAGE_STANDARD = gnu11;
				GCC_NO_COMMON_BLOCKS = YES;
				GCC_WARN_64_TO_32_BIT_CONVERSION = YES;
				GCC_WARN_ABOUT_RETURN_TYPE = YES_ERROR;
				GCC_WARN_UNDECLARED_SELECTOR = YES;
				GCC_WARN_UNINITIALIZED_AUTOS = YES_AGGRESSIVE;
				GCC_WARN_UNUSED_FUNCTION = YES;
				GCC_WARN_UNUSED_VARIABLE = YES;
				IPHONEOS_DEPLOYMENT_TARGET = 13.2;
				MTL_ENABLE_DEBUG_INFO = NO;
				MTL_FAST_MATH = YES;
				SDKROOT = iphoneos;
				VALIDATE_PRODUCT = YES;
			};
			name = Release;
		};
		DDA03CFE24097B25004CB01C /* Debug */ = {
			isa = XCBuildConfiguration;
			buildSettings = {
				ASSETCATALOG_COMPILER_APPICON_NAME = AppIcon;
				CLANG_ENABLE_MODULES = YES;
				CODE_SIGN_STYLE = Automatic;
				DEVELOPMENT_TEAM = HG3WUJ8982;
				INFOPLIST_FILE = Pokedex/Info.plist;
				LD_RUNPATH_SEARCH_PATHS = (
					"$(inherited)",
					"@executable_path/Frameworks",
				);
				PRODUCT_BUNDLE_IDENTIFIER = brianvilchez.Pokedex;
				PRODUCT_NAME = "$(TARGET_NAME)";
				SWIFT_OBJC_BRIDGING_HEADER = "Pokedex/Model Controller/Pokedex-Bridging-Header.h";
				SWIFT_OPTIMIZATION_LEVEL = "-Onone";
				SWIFT_VERSION = 5.0;
				TARGETED_DEVICE_FAMILY = "1,2";
			};
			name = Debug;
		};
		DDA03CFF24097B25004CB01C /* Release */ = {
			isa = XCBuildConfiguration;
			buildSettings = {
				ASSETCATALOG_COMPILER_APPICON_NAME = AppIcon;
				CLANG_ENABLE_MODULES = YES;
				CODE_SIGN_STYLE = Automatic;
				DEVELOPMENT_TEAM = HG3WUJ8982;
				INFOPLIST_FILE = Pokedex/Info.plist;
				LD_RUNPATH_SEARCH_PATHS = (
					"$(inherited)",
					"@executable_path/Frameworks",
				);
				PRODUCT_BUNDLE_IDENTIFIER = brianvilchez.Pokedex;
				PRODUCT_NAME = "$(TARGET_NAME)";
				SWIFT_OBJC_BRIDGING_HEADER = "Pokedex/Model Controller/Pokedex-Bridging-Header.h";
				SWIFT_VERSION = 5.0;
				TARGETED_DEVICE_FAMILY = "1,2";
			};
			name = Release;
		};
/* End XCBuildConfiguration section */

/* Begin XCConfigurationList section */
		DDA03CDF24097B25004CB01C /* Build configuration list for PBXProject "Pokedex" */ = {
			isa = XCConfigurationList;
			buildConfigurations = (
				DDA03CFB24097B25004CB01C /* Debug */,
				DDA03CFC24097B25004CB01C /* Release */,
			);
			defaultConfigurationIsVisible = 0;
			defaultConfigurationName = Release;
		};
		DDA03CFD24097B25004CB01C /* Build configuration list for PBXNativeTarget "Pokedex" */ = {
			isa = XCConfigurationList;
			buildConfigurations = (
				DDA03CFE24097B25004CB01C /* Debug */,
				DDA03CFF24097B25004CB01C /* Release */,
			);
			defaultConfigurationIsVisible = 0;
			defaultConfigurationName = Release;
		};
/* End XCConfigurationList section */
	};
	rootObject = DDA03CDC24097B25004CB01C /* Project object */;
}
